
Microsoft Visual Studio Solution File, Format Version 12.00
# Visual Studio Version 17
VisualStudioVersion = 17.0.32014.148
MinimumVisualStudioVersion = 10.0.40219.1
Project("{FAE04EC0-301F-11D3-BF4B-00C04F79EFBC}") = "FileManager", "FileManager\FileManager.csproj", "{B6F527BA-E8D0-48A4-91E1-5297319012EF}"
EndProject
Global
	GlobalSection(SolutionConfigurationPlatforms) = preSolution
		Debug|Any CPU = Debug|Any CPU
		Release|Any CPU = Release|Any CPU
	EndGlobalSection
	GlobalSection(ProjectConfigurationPlatforms) = postSolution
		{B6F527BA-E8D0-48A4-91E1-5297319012EF}.Debug|Any CPU.ActiveCfg = Debug|Any CPU
		{B6F527BA-E8D0-48A4-91E1-5297319012EF}.Debug|Any CPU.Build.0 = Debug|Any CPU
		{B6F527BA-E8D0-48A4-91E1-5297319012EF}.Release|Any CPU.ActiveCfg = Release|Any CPU
		{B6F527BA-E8D0-48A4-91E1-5297319012EF}.Release|Any CPU.Build.0 = Release|Any CPU
	EndGlobalSection
	GlobalSection(SolutionProperties) = preSolution
		HideSolutionNode = FALSE
	EndGlobalSection
	GlobalSection(ExtensibilityGlobals) = postSolution
		SolutionGuid = {1D9D348C-7F95-406A-8B88-C0C083FEB0FF}
	EndGlobalSection
EndGlobal
